
Microsoft Visual Studio Solution File, Format Version 12.00
# Visual Studio Version 17
VisualStudioVersion = 17.14.36518.9
MinimumVisualStudioVersion = 10.0.40219.1
Project("{FAE04EC0-301F-11D3-BF4B-00C04F79EFBC}") = "Presentation layer", "Presentation layer.csproj", "{2250E203-08E1-4990-B2B0-88276F58DE37}"
EndProject
Project("{FAE04EC0-301F-11D3-BF4B-00C04F79EFBC}") = "DAL", "..\DAL\DAL.csproj", "{4317185F-4E9B-473F-8F81-35E14F985ADD}"
EndProject
Project("{FAE04EC0-301F-11D3-BF4B-00C04F79EFBC}") = "BL", "..\BL\BL.csproj", "{54033A1B-3F68-4D9C-A95A-EC6D2E63A6E7}"
EndProject
Global
	GlobalSection(SolutionConfigurationPlatforms) = preSolution
		Debug|Any CPU = Debug|Any CPU
		Release|Any CPU = Release|Any CPU
	EndGlobalSection
	GlobalSection(ProjectConfigurationPlatforms) = postSolution
		{2250E203-08E1-4990-B2B0-88276F58DE37}.Debug|Any CPU.ActiveCfg = Debug|Any CPU
		{2250E203-08E1-4990-B2B0-88276F58DE37}.Debug|Any CPU.Build.0 = Debug|Any CPU
		{2250E203-08E1-4990-B2B0-88276F58DE37}.Release|Any CPU.ActiveCfg = Release|Any CPU
		{2250E203-08E1-4990-B2B0-88276F58DE37}.Release|Any CPU.Build.0 = Release|Any CPU
		{4317185F-4E9B-473F-8F81-35E14F985ADD}.Debug|Any CPU.ActiveCfg = Debug|Any CPU
		{4317185F-4E9B-473F-8F81-35E14F985ADD}.Debug|Any CPU.Build.0 = Debug|Any CPU
		{4317185F-4E9B-473F-8F81-35E14F985ADD}.Release|Any CPU.ActiveCfg = Release|Any CPU
		{4317185F-4E9B-473F-8F81-35E14F985ADD}.Release|Any CPU.Build.0 = Release|Any CPU
		{54033A1B-3F68-4D9C-A95A-EC6D2E63A6E7}.Debug|Any CPU.ActiveCfg = Debug|Any CPU
		{54033A1B-3F68-4D9C-A95A-EC6D2E63A6E7}.Debug|Any CPU.Build.0 = Debug|Any CPU
		{54033A1B-3F68-4D9C-A95A-EC6D2E63A6E7}.Release|Any CPU.ActiveCfg = Release|Any CPU
		{54033A1B-3F68-4D9C-A95A-EC6D2E63A6E7}.Release|Any CPU.Build.0 = Release|Any CPU
	EndGlobalSection
	GlobalSection(SolutionProperties) = preSolution
		HideSolutionNode = FALSE
	EndGlobalSection
	GlobalSection(ExtensibilityGlobals) = postSolution
		SolutionGuid = {335596E9-B67E-46C7-82A6-0DED2EF30043}
	EndGlobalSection
EndGlobal
